github.com/Masterminds/semver/v3 v3.2.1 h1:RN9w6+7QoMeJVGyfmbcgs28Br8cvmnucEXnY0rYXWg0=
github.com/Masterminds/semver/v3 v3.2.1/go.mod h1:qvl/7zhW3nngYb5+80sSMF+FG2BjYrf8m9wsX0PNOMQ=
github.com/dlclark/regexp2 v1.11.5 h1:Q/sSnsKerHeCkc/jSTNq1oCm7KiVgUMZRDUoRu0JQZQ=
github.com/dlclark/regexp2 v1.11.5/go.mod h1:DHkYz0B9wPfa6wondMfaivmHpzrQ3v9q8cnmRbL6yW8=
github.com/dop251/goja v0.0.0-20250309171923-bcd7cc6bf64c h1:mxWGS0YyquJ/ikZOjSrRjjFIbUqIP9ojyYQ+QZTU3Rg=
github.com/dop251/goja v0.0.0-20250309171923-bcd7cc6bf64c/go.mod h1:MxLav0peU43GgvwVgNbLAj1s/bSGboKkhuULvq/7hx4=
github.com/expr-lang/expr v1.17.2 h1:o0A99O/Px+/DTjEnQiodAgOIK9PPxL8DtXhBRKC+Iso=
github.com/expr-lang/expr v1.17.2/go.mod h1:8/vRC7+7HBzESEqt5kKpYXxrxkr31SaO8r40VO/1IT4=
github.com/go-sourcemap/sourcemap v2.1.4+incompatible h1:a+iTbH5auLKxaNwQFg0B+TCYl6lbukKPc7b5x0n1s6Q=
github.com/go-sourcemap/sourcemap v2.1.4+incompatible/go.mod h1:F8jJfvm2KbVjc5NqelyYJmf/v5J0dwNLS2mL4sNA1Jg=
github.com/google/pprof v0.0.0-20250423184734-337e5dd93bb4 h1:gD0vax+4I+mAj+jEChEf25Ia07Jq7kYOFO5PPhAxFl4=
github.com/google/pprof v0.0.0-20250423184734-337e5dd93bb4/go.mod h1:5hDyRhoBCxViHszMt12TnOpEI4VVi+U8Gm9iphldiMA=
github.com/jaswdr/faker/v2 v2.4.0 h1:qNmS/k60ODLMmzDdQOEUha69qcbdMZVnqZjPdOjNHGU=
github.com/jaswdr/faker/v2 v2.4.0/go.mod h1:ROK8xwQV0hYOLDUtxCQgHGcl10jbVzIvqHxcIDdwY2Q=
github.com/mattn/go-sqlite3 v1.14.28 h1:ThEiQrnbtumT+QMknw63Befp/ce/nUPgBPMlRFEum7A=
github.com/mattn/go-sqlite3 v1.14.28/go.mod h1:Uh1q+B4BYcTPb+yiD3kU8Ct7aC0hY9fxUwlHK0RXw+Y=
github.com/tommie/v8go v0.31.0 h1:L8IPusCR/BsJpkj7uwr48kcaANAVJD6Vyq/RdWIX5vI=
github.com/tommie/v8go v0.31.0/go.mod h1:htfzMTKqrpZ4DRT7KVTLgKAvWwMyssbrZmMX6PbLch8=
github.com/tommie/v8go/deps/android_amd64 v0.0.0-20250402043228-5f86851c373c h1:V71ruK+OsISC8ZxUaDDWVXqf2/SyxeOW0U7ImF6eshY=
github.com/tommie/v8go/deps/android_amd64 v0.0.0-20250402043228-5f86851c373c/go.mod h1:+SU4RWSqMXAx2oR/Gzkyc1YAG6F8SCzttMv3sZkh+qY=
github.com/tommie/v8go/deps/android_arm64 v0.0.0-20250402043228-5f86851c373c h1:qiDyujrxA/9aU7U0PaVa7HxdqXqL0vja3uzPOtSB2Cs=
github.com/tommie/v8go/deps/android_arm64 v0.0.0-20250402043228-5f86851c373c/go.mod h1:cR4ynUc528GmLCLOb3c1iM2d6qZ5DCVHh+eAD7sJDBQ=
github.com/tommie/v8go/deps/darwin_amd64 v0.0.0-20250402043228-5f86851c373c h1:yiQK0JJBQ4KcNBfidcLyjZWYcb1btQWLEI+oeAwuKzs=
github.com/tommie/v8go/deps/darwin_amd64 v0.0.0-20250402043228-5f86851c373c/go.mod h1:0qn9w9F7mniTrixPYggJNQQtpAkb9OKY3STy3SSEBi4=
github.com/tommie/v8go/deps/darwin_arm64 v0.0.0-20250402043228-5f86851c373c h1:ekjY59UDhjQ/Ctdt1+29+N8SgM+/wMLZd/FfMOsyhTA=
github.com/tommie/v8go/deps/darwin_arm64 v0.0.0-20250402043228-5f86851c373c/go.mod h1:bd8hssu+JaGC4mIE9SukKia0TYs5v977mNodhgpJrdo=
github.com/tommie/v8go/deps/linux_amd64 v0.0.0-20250402043228-5f86851c373c h1:jzHG/2EXJHvuvHHNzMs1L9EOMudVKDTlahi0BDhp2jg=
github.com/tommie/v8go/deps/linux_amd64 v0.0.0-20250402043228-5f86851c373c/go.mod h1:ZKG7g6Rah4/ZRzb07qFrQI/EPSm2PMj1cN/9y4fxgO8=
github.com/tommie/v8go/deps/linux_arm64 v0.0.0-20250402043228-5f86851c373c h1:R1+TX2jXyxWZGz/LLgLATRKNx8xvZdrm4Q4ZHcRVejw=
github.com/tommie/v8go/deps/linux_arm64 v0.0.0-20250402043228-5f86851c373c/go.mod h1:B/myVnZ82IRgW//OzDnHArcOzW8Yq7FbWnMnYPbZ0Hc=
github.com/traefik/yaegi v0.16.1 h1:f1De3DVJqIDKmnasUF6MwmWv1dSEEat0wcpXhD2On3E=
github.com/traefik/yaegi v0.16.1/go.mod h1:4eVhbPb3LnD2VigQjhYbEJ69vDRFdT2HQNrXx8eEwUY=
golang.org/x/text v0.24.0 h1:dd5Bzh4yt5KYA8f9CJHCP4FB4D51c2c6JvN37xJJkJ0=
golang.org/x/text v0.24.0/go.mod h1:L8rBsPeo2pSS+xqN0d5u2ikmjtmoJbDBT1b7nHvFCdU=
gopkg.in/yaml.v2 v2.4.0 h1:D8xgwECY7CYvx+Y2n4sBz93Jn9JRvxdiyyo8CTfuKaY=
gopkg.in/yaml.v2 v2.4.0/go.mod h1:RDklbk79AGWmwhnvt/jBztapEOGDOx6ZbXqjP6csGnQ=
