github.com/dlclark/regexp2 v1.7.0 h1:7lJfhqlPssTb1WQx4yvTHN0uElPEv52sbaECrAQxjAo=
github.com/dlclark/regexp2 v1.7.0/go.mod h1:DHkYz0B9wPfa6wondMfaivmHpzrQ3v9q8cnmRbL6yW8=
github.com/dop251/goja v0.0.0-20240516125602-ccbae20bcec2 h1:OFTHt+yJDo/uaIKMGjEKzc3DGhrpQZoqvMUIloZv6ZY=
github.com/dop251/goja v0.0.0-20240516125602-ccbae20bcec2/go.mod h1:o31y53rb/qiIAONF7w3FHJZRqqP3fzHUr1HqanthByw=
github.com/expr-lang/expr v1.16.7 h1:gCIiHt5ODA0xIaDbD0DPKyZpM9Drph3b3lolYAYq2Kw=
github.com/expr-lang/expr v1.16.7/go.mod h1:8/vRC7+7HBzESEqt5kKpYXxrxkr31SaO8r40VO/1IT4=
github.com/go-sourcemap/sourcemap v2.1.3+incompatible h1:W1iEw64niKVGogNgBN3ePyLFfuisuzeidWPMPWmECqU=
github.com/go-sourcemap/sourcemap v2.1.3+incompatible/go.mod h1:F8jJfvm2KbVjc5NqelyYJmf/v5J0dwNLS2mL4sNA1Jg=
github.com/google/pprof v0.0.0-20230207041349-798e818bf904 h1:4/hN5RUoecvl+RmJRE2YxKWtnnQls6rQjjW5oV7qg2U=
github.com/google/pprof v0.0.0-20230207041349-798e818bf904/go.mod h1:uglQLonpP8qtYCYyzA+8c/9qtqgA3qsXGYqCPKARAFg=
github.com/jaswdr/faker/v2 v2.3.0 h1:jgQ9UmU2Eb5tSQ8JkUS4tPoyTM2OtThQpOpwk7Fa9RY=
github.com/jaswdr/faker/v2 v2.3.0/go.mod h1:ROK8xwQV0hYOLDUtxCQgHGcl10jbVzIvqHxcIDdwY2Q=
github.com/mattn/go-sqlite3 v1.14.22 h1:2gZY6PC6kBnID23Tichd1K+Z0oS6nE/XwU+Vz/5o4kU=
github.com/mattn/go-sqlite3 v1.14.22/go.mod h1:Uh1q+B4BYcTPb+yiD3kU8Ct7aC0hY9fxUwlHK0RXw+Y=
github.com/tommie/v8go v0.12.0 h1:2euFtbnPd6yNob/GXpl1bZCcj7qIDe6aBIBarA8xXt0=
github.com/tommie/v8go v0.12.0/go.mod h1:i1kEOpxSr4tE4cwi/eeh9xeEiHrrY7d22nqOpjGcz1A=
github.com/tommie/v8go/deps/android_amd64 v0.0.0-20240501150430-eeb2274ce183 h1:RmI75CsRbF/3DxdS39uTur0drS/DHKFrGjOSt0R/v84=
github.com/tommie/v8go/deps/android_amd64 v0.0.0-20240501150430-eeb2274ce183/go.mod h1:+SU4RWSqMXAx2oR/Gzkyc1YAG6F8SCzttMv3sZkh+qY=
github.com/tommie/v8go/deps/android_arm64 v0.0.0-20240501150430-eeb2274ce183 h1:B04654ZCRSXWMHu1wZmxY5KbCqDj6b1S/xcBD5pC3w8=
github.com/tommie/v8go/deps/android_arm64 v0.0.0-20240501150430-eeb2274ce183/go.mod h1:cR4ynUc528GmLCLOb3c1iM2d6qZ5DCVHh+eAD7sJDBQ=
github.com/tommie/v8go/deps/darwin_amd64 v0.0.0-20240501150430-eeb2274ce183 h1:3aTrD5hgMhWYTtDPvAp7yk0Et483Qv25jK8TkxUADP0=
github.com/tommie/v8go/deps/darwin_amd64 v0.0.0-20240501150430-eeb2274ce183/go.mod h1:0qn9w9F7mniTrixPYggJNQQtpAkb9OKY3STy3SSEBi4=
github.com/tommie/v8go/deps/darwin_arm64 v0.0.0-20240501150430-eeb2274ce183 h1:SuABheNzf8yW24ciDinoiPBbGXGgybyBCHov/EZU10g=
github.com/tommie/v8go/deps/darwin_arm64 v0.0.0-20240501150430-eeb2274ce183/go.mod h1:bd8hssu+JaGC4mIE9SukKia0TYs5v977mNodhgpJrdo=
github.com/tommie/v8go/deps/linux_amd64 v0.0.0-20240501150430-eeb2274ce183 h1:GVhguGceYaazhXZDQT0ebY9TbCv9j5UJvU1cAW4t84Y=
github.com/tommie/v8go/deps/linux_amd64 v0.0.0-20240501150430-eeb2274ce183/go.mod h1:ZKG7g6Rah4/ZRzb07qFrQI/EPSm2PMj1cN/9y4fxgO8=
github.com/tommie/v8go/deps/linux_arm64 v0.0.0-20240501150430-eeb2274ce183 h1:G88jNgZXPFl/HZkP2PIEshSp8HNXc4Ei/bVRbFYXG+8=
github.com/tommie/v8go/deps/linux_arm64 v0.0.0-20240501150430-eeb2274ce183/go.mod h1:B/myVnZ82IRgW//OzDnHArcOzW8Yq7FbWnMnYPbZ0Hc=
github.com/traefik/yaegi v0.16.1 h1:f1De3DVJqIDKmnasUF6MwmWv1dSEEat0wcpXhD2On3E=
github.com/traefik/yaegi v0.16.1/go.mod h1:4eVhbPb3LnD2VigQjhYbEJ69vDRFdT2HQNrXx8eEwUY=
golang.org/x/text v0.3.8 h1:nAL+RVCQ9uMn3vJZbV+MRnydTJFPf8qqY42YiA6MrqY=
golang.org/x/text v0.3.8/go.mod h1:E6s5w1FMmriuDzIBO73fBruAKo1PCIq6d2Q6DHfQ8WQ=
